{
    "name": "node-red-project",
    "version": "0.0.1",
    "lockfileVersion": 1,
    "requires": true,
    "dependencies": {
        "qewd-transform-json": {
            "version": "1.11.0",
            "resolved": "https://registry.npmjs.org/qewd-transform-json/-/qewd-transform-json-1.11.0.tgz",
            "integrity": "sha512-HwSy6vb2wBf8vM37rxFVX/i4A+KrOvde/xge6tWOZ5CACl+Q4Q45uG/gTmtxeOQPVMGntbSySV1wPQrAU8sC/w==",
            "requires": {
                "traverse": "^0.6.6"
            }
        },
        "traverse": {
            "version": "0.6.6",
            "resolved": "https://registry.npmjs.org/traverse/-/traverse-0.6.6.tgz",
            "integrity": "sha1-y99WD9e5r2MlAv7UD5GMFX6pcTc="
        }
    }
}
